
Microsoft Visual Studio Solution File, Format Version 12.00
# Visual Studio Version 16
VisualStudioVersion = 16.0.30104.148
MinimumVisualStudioVersion = 10.0.40219.1
Project("{FAE04EC0-301F-11D3-BF4B-00C04F79EFBC}") = "ATM-Simulator", "ATM-Simulator\ATM-Simulator.csproj", "{D537BC2E-05E8-46DE-86F9-86572A6EF736}"
EndProject
Global
	GlobalSection(SolutionConfigurationPlatforms) = preSolution
		Debug|Any CPU = Debug|Any CPU
		Release|Any CPU = Release|Any CPU
	EndGlobalSection
	GlobalSection(ProjectConfigurationPlatforms) = postSolution
		{D537BC2E-05E8-46DE-86F9-86572A6EF736}.Debug|Any CPU.ActiveCfg = Debug|Any CPU
		{D537BC2E-05E8-46DE-86F9-86572A6EF736}.Debug|Any CPU.Build.0 = Debug|Any CPU
		{D537BC2E-05E8-46DE-86F9-86572A6EF736}.Release|Any CPU.ActiveCfg = Release|Any CPU
		{D537BC2E-05E8-46DE-86F9-86572A6EF736}.Release|Any CPU.Build.0 = Release|Any CPU
	EndGlobalSection
	GlobalSection(SolutionProperties) = preSolution
		HideSolutionNode = FALSE
	EndGlobalSection
	GlobalSection(ExtensibilityGlobals) = postSolution
		SolutionGuid = {353557AE-8D28-4694-8CFF-C278A5703825}
	EndGlobalSection
EndGlobal
